
Microsoft Visual Studio Solution File, Format Version 12.00
# Visual Studio Version 16
VisualStudioVersion = 16.0.30225.117
MinimumVisualStudioVersion = 10.0.40219.1
Project("{FAE04EC0-301F-11D3-BF4B-00C04F79EFBC}") = "KelimeBul", "KelimeBul\KelimeBul.csproj", "{28285A08-F073-4300-8079-0BCAA1FC9BA3}"
EndProject
Global
	GlobalSection(SolutionConfigurationPlatforms) = preSolution
		Debug|Any CPU = Debug|Any CPU
		Release|Any CPU = Release|Any CPU
	EndGlobalSection
	GlobalSection(ProjectConfigurationPlatforms) = postSolution
		{28285A08-F073-4300-8079-0BCAA1FC9BA3}.Debug|Any CPU.ActiveCfg = Debug|Any CPU
		{28285A08-F073-4300-8079-0BCAA1FC9BA3}.Debug|Any CPU.Build.0 = Debug|Any CPU
		{28285A08-F073-4300-8079-0BCAA1FC9BA3}.Release|Any CPU.ActiveCfg = Release|Any CPU
		{28285A08-F073-4300-8079-0BCAA1FC9BA3}.Release|Any CPU.Build.0 = Release|Any CPU
	EndGlobalSection
	GlobalSection(SolutionProperties) = preSolution
		HideSolutionNode = FALSE
	EndGlobalSection
	GlobalSection(ExtensibilityGlobals) = postSolution
		SolutionGuid = {222883E8-B300-4DDB-93A9-C0231C71E4F9}
	EndGlobalSection
EndGlobal
